
Microsoft Visual Studio Solution File, Format Version 12.00
# Visual Studio Version 16
VisualStudioVersion = 16.0.30611.23
MinimumVisualStudioVersion = 10.0.40219.1
Project("{FAE04EC0-301F-11D3-BF4B-00C04F79EFBC}") = "MonitorMemory", "MonitorMemory\MonitorMemory.csproj", "{1707A545-AFBB-4EF6-B73C-A2E4B2372A09}"
EndProject
Global
	GlobalSection(SolutionConfigurationPlatforms) = preSolution
		Debug|Any CPU = Debug|Any CPU
		Release|Any CPU = Release|Any CPU
	EndGlobalSection
	GlobalSection(ProjectConfigurationPlatforms) = postSolution
		{1707A545-AFBB-4EF6-B73C-A2E4B2372A09}.Debug|Any CPU.ActiveCfg = Debug|Any CPU
		{1707A545-AFBB-4EF6-B73C-A2E4B2372A09}.Debug|Any CPU.Build.0 = Debug|Any CPU
		{1707A545-AFBB-4EF6-B73C-A2E4B2372A09}.Release|Any CPU.ActiveCfg = Release|Any CPU
		{1707A545-AFBB-4EF6-B73C-A2E4B2372A09}.Release|Any CPU.Build.0 = Release|Any CPU
	EndGlobalSection
	GlobalSection(SolutionProperties) = preSolution
		HideSolutionNode = FALSE
	EndGlobalSection
	GlobalSection(ExtensibilityGlobals) = postSolution
		SolutionGuid = {AABE354C-227B-462D-83C4-ACEB33A29700}
	EndGlobalSection
EndGlobal
